// !$*UTF8*$!
{
	archiveVersion = 1;
	classes = {
	};
	objectVersion = 51;
	objects = {

/* Begin PBXBuildFile section */
		073DFB2221AE59C1001F240F /* PreviewViewController.swift in Sources */ = {isa = PBXBuildFile; fileRef = 073DFB2121AE59C1001F240F /* PreviewViewController.swift */; };
		07C74C6C21AB786000CCFA73 /* AppDelegate.swift in Sources */ = {isa = PBXBuildFile; fileRef = 07C74C6B21AB786000CCFA73 /* AppDelegate.swift */; };
		07C74C6E21AB786000CCFA73 /* ViewController.swift in Sources */ = {isa = PBXBuildFile; fileRef = 07C74C6D21AB786000CCFA73 /* ViewController.swift */; };
		07C74C7121AB786000CCFA73 /* Main.storyboard in Resources */ = {isa = PBXBuildFile; fileRef = 07C74C6F21AB786000CCFA73 /* Main.storyboard */; };
		07C74C7321AB786000CCFA73 /* Assets.xcassets in Resources */ = {isa = PBXBuildFile; fileRef = 07C74C7221AB786000CCFA73 /* Assets.xcassets */; };
		07C74C7621AB786000CCFA73 /* LaunchScreen.storyboard in Resources */ = {isa = PBXBuildFile; fileRef = 07C74C7421AB786000CCFA73 /* LaunchScreen.storyboard */; };
		07C74C8121AB786000CCFA73 /* SwiftyTests.swift in Sources */ = {isa = PBXBuildFile; fileRef = 07C74C8021AB786000CCFA73 /* SwiftyTests.swift */; };
		07C74C8C21AB786000CCFA73 /* SwiftyUITests.swift in Sources */ = {isa = PBXBuildFile; fileRef = 07C74C8B21AB786000CCFA73 /* SwiftyUITests.swift */; };
/* End PBXBuildFile section */

/* Begin PBXContainerItemProxy section */
		07C74C7D21AB786000CCFA73 /* PBXContainerItemProxy */ = {
			isa = PBXContainerItemProxy;
			containerPortal = 07C74C6021AB786000CCFA73 /* Project object */;
			proxyType = 1;
			remoteGlobalIDString = 07C74C6721AB786000CCFA73;
			remoteInfo = Swifty;
		};
		07C74C8821AB786000CCFA73 /* PBXContainerItemProxy */ = {
			isa = PBXContainerItemProxy;
			containerPortal = 07C74C6021AB786000CCFA73 /* Project object */;
			proxyType = 1;
			remoteGlobalIDString = 07C74C6721AB786000CCFA73;
			remoteInfo = Swifty;
		};
/* End PBXContainerItemProxy section */

/* Begin PBXFileReference section */
		073DFB2121AE59C1001F240F /* PreviewViewController.swift */ = {isa = PBXFileReference; lastKnownFileType = sourcecode.swift; path = PreviewViewController.swift; sourceTree = "<group>"; };
		07C74C6821AB786000CCFA73 /* Swifty.app */ = {isa = PBXFileReference; explicitFileType = wrapper.application; includeInIndex = 0; path = Swifty.app; sourceTree = BUILT_PRODUCTS_DIR; };
		07C74C6B21AB786000CCFA73 /* AppDelegate.swift */ = {isa = PBXFileReference; lastKnownFileType = sourcecode.swift; path = AppDelegate.swift; sourceTree = "<group>"; };
		07C74C6D21AB786000CCFA73 /* ViewController.swift */ = {isa = PBXFileReference; lastKnownFileType = sourcecode.swift; path = ViewController.swift; sourceTree = "<group>"; };
		07C74C7021AB786000CCFA73 /* Base */ = {isa = PBXFileReference; lastKnownFileType = file.storyboard; name = Base; path = Base.lproj/Main.storyboard; sourceTree = "<group>"; };
		07C74C7221AB786000CCFA73 /* Assets.xcassets */ = {isa = PBXFileReference; lastKnownFileType = folder.assetcatalog; path = Assets.xcassets; sourceTree = "<group>"; };
		07C74C7521AB786000CCFA73 /* Base */ = {isa = PBXFileReference; lastKnownFileType = file.storyboard; name = Base; path = Base.lproj/LaunchScreen.storyboard; sourceTree = "<group>"; };
		07C74C7721AB786000CCFA73 /* Info.plist */ = {isa = PBXFileReference; lastKnownFileType = text.plist.xml; path = Info.plist; sourceTree = "<group>"; };
		07C74C7C21AB786000CCFA73 /* SwiftyTests.xctest */ = {isa = PBXFileReference; explicitFileType = wrapper.cfbundle; includeInIndex = 0; path = SwiftyTests.xctest; sourceTree = BUILT_PRODUCTS_DIR; };
		07C74C8021AB786000CCFA73 /* SwiftyTests.swift */ = {isa = PBXFileReference; lastKnownFileType = sourcecode.swift; path = SwiftyTests.swift; sourceTree = "<group>"; };
		07C74C8221AB786000CCFA73 /* Info.plist */ = {isa = PBXFileReference; lastKnownFileType = text.plist.xml; path = Info.plist; sourceTree = "<group>"; };
		07C74C8721AB786000CCFA73 /* SwiftyUITests.xctest */ = {isa = PBXFileReference; explicitFileType = wrapper.cfbundle; includeInIndex = 0; path = SwiftyUITests.xctest; sourceTree = BUILT_PRODUCTS_DIR; };
		07C74C8B21AB786000CCFA73 /* SwiftyUITests.swift */ = {isa = PBXFileReference; lastKnownFileType = sourcecode.swift; path = SwiftyUITests.swift; sourceTree = "<group>"; };
		07C74C8D21AB786000CCFA73 /* Info.plist */ = {isa = PBXFileReference; lastKnownFileType = text.plist.xml; path = Info.plist; sourceTree = "<group>"; };
/* End PBXFileReference section */

/* Begin PBXFrameworksBuildPhase section */
		07C74C6521AB786000CCFA73 /* Frameworks */ = {
			isa = PBXFrameworksBuildPhase;
			buildActionMask = 2147483647;
			files = (
			);
			runOnlyForDeploymentPostprocessing = 0;
		};
		07C74C7921AB786000CCFA73 /* Frameworks */ = {
			isa = PBXFrameworksBuildPhase;
			buildActionMask = 2147483647;
			files = (
			);
			runOnlyForDeploymentPostprocessing = 0;
		};
		07C74C8421AB786000CCFA73 /* Frameworks */ = {
			isa = PBXFrameworksBuildPhase;
			buildActionMask = 2147483647;
			files = (
			);
			runOnlyForDeploymentPostprocessing = 0;
		};
/* End PBXFrameworksBuildPhase section */

/* Begin PBXGroup section */
		07C74C5F21AB786000CCFA73 = {
			isa = PBXGroup;
			children = (
				07C74C6A21AB786000CCFA73 /* Swifty */,
				07C74C7F21AB786000CCFA73 /* SwiftyTests */,
				07C74C8A21AB786000CCFA73 /* SwiftyUITests */,
				07C74C6921AB786000CCFA73 /* Products */,
			);
			sourceTree = "<group>";
		};
		07C74C6921AB786000CCFA73 /* Products */ = {
			isa = PBXGroup;
			children = (
				07C74C6821AB786000CCFA73 /* Swifty.app */,
				07C74C7C21AB786000CCFA73 /* SwiftyTests.xctest */,
				07C74C8721AB786000CCFA73 /* SwiftyUITests.xctest */,
			);
			name = Products;
			sourceTree = "<group>";
		};
		07C74C6A21AB786000CCFA73 /* Swifty */ = {
			isa = PBXGroup;
			children = (
				07C74C6B21AB786000CCFA73 /* AppDelegate.swift */,
				07C74C6D21AB786000CCFA73 /* ViewController.swift */,
				07C74C6F21AB786000CCFA73 /* Main.storyboard */,
				073DFB2121AE59C1001F240F /* PreviewViewController.swift */,
				07C74C7221AB786000CCFA73 /* Assets.xcassets */,
				07C74C7421AB786000CCFA73 /* LaunchScreen.storyboard */,
				07C74C7721AB786000CCFA73 /* Info.plist */,
			);
			path = Swifty;
			sourceTree = "<group>";
		};
		07C74C7F21AB786000CCFA73 /* SwiftyTests */ = {
			isa = PBXGroup;
			children = (
				07C74C8021AB786000CCFA73 /* SwiftyTests.swift */,
				07C74C8221AB786000CCFA73 /* Info.plist */,
			);
			path = SwiftyTests;
			sourceTree = "<group>";
		};
		07C74C8A21AB786000CCFA73 /* SwiftyUITests */ = {
			isa = PBXGroup;
			children = (
				07C74C8B21AB786000CCFA73 /* SwiftyUITests.swift */,
				07C74C8D21AB786000CCFA73 /* Info.plist */,
			);
			path = SwiftyUITests;
			sourceTree = "<group>";
		};
/* End PBXGroup section */

/* Begin PBXNativeTarget section */
		07C74C6721AB786000CCFA73 /* Swifty */ = {
			isa = PBXNativeTarget;
			buildConfigurationList = 07C74C9021AB786000CCFA73 /* Build configuration list for PBXNativeTarget "Swifty" */;
			buildPhases = (
				07C74C6421AB786000CCFA73 /* Sources */,
				07C74C6521AB786000CCFA73 /* Frameworks */,
				07C74C6621AB786000CCFA73 /* Resources */,
			);
			buildRules = (
			);
			dependencies = (
			);
			name = Swifty;
			productName = Swifty;
			productReference = 07C74C6821AB786000CCFA73 /* Swifty.app */;
			productType = "com.apple.product-type.application";
		};
		07C74C7B21AB786000CCFA73 /* SwiftyTests */ = {
			isa = PBXNativeTarget;
			buildConfigurationList = 07C74C9321AB786000CCFA73 /* Build configuration list for PBXNativeTarget "SwiftyTests" */;
			buildPhases = (
				07C74C7821AB786000CCFA73 /* Sources */,
				07C74C7921AB786000CCFA73 /* Frameworks */,
				07C74C7A21AB786000CCFA73 /* Resources */,
			);
			buildRules = (
			);
			dependencies = (
				07C74C7E21AB786000CCFA73 /* PBXTargetDependency */,
			);
			name = SwiftyTests;
			productName = SwiftyTests;
			productReference = 07C74C7C21AB786000CCFA73 /* SwiftyTests.xctest */;
			productType = "com.apple.product-type.bundle.unit-test";
		};
		07C74C8621AB786000CCFA73 /* SwiftyUITests */ = {
			isa = PBXNativeTarget;
			buildConfigurationList = 07C74C9621AB786000CCFA73 /* Build configuration list for PBXNativeTarget "SwiftyUITests" */;
			buildPhases = (
				07C74C8321AB786000CCFA73 /* Sources */,
				07C74C8421AB786000CCFA73 /* Frameworks */,
				07C74C8521AB786000CCFA73 /* Resources */,
			);
			buildRules = (
			);
			dependencies = (
				07C74C8921AB786000CCFA73 /* PBXTargetDependency */,
			);
			name = SwiftyUITests;
			productName = SwiftyUITests;
			productReference = 07C74C8721AB786000CCFA73 /* SwiftyUITests.xctest */;
			productType = "com.apple.product-type.bundle.ui-testing";
		};
/* End PBXNativeTarget section */

/* Begin PBXProject section */
		07C74C6021AB786000CCFA73 /* Project object */ = {
			isa = PBXProject;
			attributes = {
				LastSwiftUpdateCheck = 0920;
				LastUpgradeCheck = 1010;
				ORGANIZATIONNAME = "Jun Cheng";
				TargetAttributes = {
					07C74C6721AB786000CCFA73 = {
						CreatedOnToolsVersion = 9.2;
						ProvisioningStyle = Automatic;
					};
					07C74C7B21AB786000CCFA73 = {
						CreatedOnToolsVersion = 9.2;
						LastSwiftMigration = 1010;
						ProvisioningStyle = Automatic;
						TestTargetID = 07C74C6721AB786000CCFA73;
					};
					07C74C8621AB786000CCFA73 = {
						CreatedOnToolsVersion = 9.2;
						LastSwiftMigration = 1010;
						ProvisioningStyle = Automatic;
						TestTargetID = 07C74C6721AB786000CCFA73;
					};
				};
			};
			buildConfigurationList = 07C74C6321AB786000CCFA73 /* Build configuration list for PBXProject "Swifty" */;
			compatibilityVersion = "Xcode 10.0";
			developmentRegion = en;
			hasScannedForEncodings = 0;
			knownRegions = (
				en,
				Base,
			);
			mainGroup = 07C74C5F21AB786000CCFA73;
			productRefGroup = 07C74C6921AB786000CCFA73 /* Products */;
			projectDirPath = "";
			projectRoot = "";
			targets = (
				07C74C6721AB786000CCFA73 /* Swifty */,
				07C74C7B21AB786000CCFA73 /* SwiftyTests */,
				07C74C8621AB786000CCFA73 /* SwiftyUITests */,
			);
		};
/* End PBXProject section */

/* Begin PBXResourcesBuildPhase section */
		07C74C6621AB786000CCFA73 /* Resources */ = {
			isa = PBXResourcesBuildPhase;
			buildActionMask = 2147483647;
			files = (
				07C74C7621AB786000CCFA73 /* LaunchScreen.storyboard in Resources */,
				07C74C7321AB786000CCFA73 /* Assets.xcassets in Resources */,
				07C74C7121AB786000CCFA73 /* Main.storyboard in Resources */,
			);
			runOnlyForDeploymentPostprocessing = 0;
		};
		07C74C7A21AB786000CCFA73 /* Resources */ = {
			isa = PBXResourcesBuildPhase;
			buildActionMask = 2147483647;
			files = (
			);
			runOnlyForDeploymentPostprocessing = 0;
		};
		07C74C8521AB786000CCFA73 /* Resources */ = {
			isa = PBXResourcesBuildPhase;
			buildActionMask = 2147483647;
			files = (
			);
			runOnlyForDeploymentPostprocessing = 0;
		};
/* End PBXResourcesBuildPhase section */

/* Begin PBXSourcesBuildPhase section */
		07C74C6421AB786000CCFA73 /* Sources */ = {
			isa = PBXSourcesBuildPhase;
			buildActionMask = 2147483647;
			files = (
				07C74C6E21AB786000CCFA73 /* ViewController.swift in Sources */,
				07C74C6C21AB786000CCFA73 /* AppDelegate.swift in Sources */,
				073DFB2221AE59C1001F240F /* PreviewViewController.swift in Sources */,
			);
			runOnlyForDeploymentPostprocessing = 0;
		};
		07C74C7821AB786000CCFA73 /* Sources */ = {
			isa = PBXSourcesBuildPhase;
			buildActionMask = 2147483647;
			files = (
				07C74C8121AB786000CCFA73 /* SwiftyTests.swift in Sources */,
			);
			runOnlyForDeploymentPostprocessing = 0;
		};
		07C74C8321AB786000CCFA73 /* Sources */ = {
			isa = PBXSourcesBuildPhase;
			buildActionMask = 2147483647;
			files = (
				07C74C8C21AB786000CCFA73 /* SwiftyUITests.swift in Sources */,
			);
			runOnlyForDeploymentPostprocessing = 0;
		};
/* End PBXSourcesBuildPhase section */

/* Begin PBXTargetDependency section */
		07C74C7E21AB786000CCFA73 /* PBXTargetDependency */ = {
			isa = PBXTargetDependency;
			target = 07C74C6721AB786000CCFA73 /* Swifty */;
			targetProxy = 07C74C7D21AB786000CCFA73 /* PBXContainerItemProxy */;
		};
		07C74C8921AB786000CCFA73 /* PBXTargetDependency */ = {
			isa = PBXTargetDependency;
			target = 07C74C6721AB786000CCFA73 /* Swifty */;
			targetProxy = 07C74C8821AB786000CCFA73 /* PBXContainerItemProxy */;
		};
/* End PBXTargetDependency section */

/* Begin PBXVariantGroup section */
		07C74C6F21AB786000CCFA73 /* Main.storyboard */ = {
			isa = PBXVariantGroup;
			children = (
				07C74C7021AB786000CCFA73 /* Base */,
			);
			name = Main.storyboard;
			sourceTree = "<group>";
		};
		07C74C7421AB786000CCFA73 /* LaunchScreen.storyboard */ = {
			isa = PBXVariantGroup;
			children = (
				07C74C7521AB786000CCFA73 /* Base */,
			);
			name = LaunchScreen.storyboard;
			sourceTree = "<group>";
		};
/* End PBXVariantGroup section */

/* Begin XCBuildConfiguration section */
		07C74C8E21AB786000CCFA73 /* Debug */ = {
			isa = XCBuildConfiguration;
			buildSettings = {
				ALWAYS_SEARCH_USER_PATHS = NO;
				CLANG_ANALYZER_NONNULL = YES;
				CLANG_ANALYZER_NUMBER_OBJECT_CONVERSION = YES_AGGRESSIVE;
				CLANG_CXX_LANGUAGE_STANDARD = "gnu++14";
				CLANG_CXX_LIBRARY = "libc++";
				CLANG_ENABLE_MODULES = YES;
				CLANG_ENABLE_OBJC_ARC = YES;
				CLANG_WARN_BLOCK_CAPTURE_AUTORELEASING = YES;
				CLANG_WARN_BOOL_CONVERSION = YES;
				CLANG_WARN_COMMA = YES;
				CLANG_WARN_CONSTANT_CONVERSION = YES;
				CLANG_WARN_DEPRECATED_OBJC_IMPLEMENTATIONS = YES;
				CLANG_WARN_DIRECT_OBJC_ISA_USAGE = YES_ERROR;
				CLANG_WARN_DOCUMENTATION_COMMENTS = YES;
				CLANG_WARN_EMPTY_BODY = YES;
				CLANG_WARN_ENUM_CONVERSION = YES;
				CLANG_WARN_INFINITE_RECURSION = YES;
				CLANG_WARN_INT_CONVERSION = YES;
				CLANG_WARN_NON_LITERAL_NULL_CONVERSION = YES;
				CLANG_WARN_OBJC_IMPLICIT_RETAIN_SELF = YES;
				CLANG_WARN_OBJC_LITERAL_CONVERSION = YES;
				CLANG_WARN_OBJC_ROOT_CLASS = YES_ERROR;
				CLANG_WARN_RANGE_LOOP_ANALYSIS = YES;
				CLANG_WARN_STRICT_PROTOTYPES = YES;
				CLANG_WARN_SUSPICIOUS_MOVE = YES;
				CLANG_WARN_UNGUARDED_AVAILABILITY = YES_AGGRESSIVE;
				CLANG_WARN_UNREACHABLE_CODE = YES;
				CLANG_WARN__DUPLICATE_METHOD_MATCH = YES;
				CODE_SIGN_IDENTITY = "iPhone Developer";
				COPY_PHASE_STRIP = NO;
				DEBUG_INFORMATION_FORMAT = dwarf;
				DEVELOPMENT_TEAM = Lol;
				ENABLE_STRICT_OBJC_MSGSEND = YES;
				ENABLE_TESTABILITY = YES;
				GCC_C_LANGUAGE_STANDARD = gnu11;
				GCC_DYNAMIC_NO_PIC = NO;
				GCC_NO_COMMON_BLOCKS = YES;
				GCC_OPTIMIZATION_LEVEL = 0;
				GCC_PREPROCESSOR_DEFINITIONS = (
					"DEBUG=1",
					"$(inherited)",
				);
				GCC_WARN_64_TO_32_BIT_CONVERSION = YES;
				GCC_WARN_ABOUT_RETURN_TYPE = YES_ERROR;
				GCC_WARN_UNDECLARED_SELECTOR = YES;
				GCC_WARN_UNINITIALIZED_AUTOS = YES_AGGRESSIVE;
				GCC_WARN_UNUSED_FUNCTION = YES;
				GCC_WARN_UNUSED_VARIABLE = YES;
				IPHONEOS_DEPLOYMENT_TARGET = 11.2;
				MTL_ENABLE_DEBUG_INFO = YES;
				ONLY_ACTIVE_ARCH = YES;
				SDKROOT = iphoneos;
				SWIFT_ACTIVE_COMPILATION_CONDITIONS = DEBUG;
				SWIFT_OPTIMIZATION_LEVEL = "-Onone";
			};
			name = Debug;
		};
		07C74C8F21AB786000CCFA73 /* Release */ = {
			isa = XCBuildConfiguration;
			buildSettings = {
				ALWAYS_SEARCH_USER_PATHS = NO;
				CLANG_ANALYZER_NONNULL = YES;
				CLANG_ANALYZER_NUMBER_OBJECT_CONVERSION = YES_AGGRESSIVE;
				CLANG_CXX_LANGUAGE_STANDARD = "gnu++14";
				CLANG_CXX_LIBRARY = "libc++";
				CLANG_ENABLE_MODULES = YES;
				CLANG_ENABLE_OBJC_ARC = YES;
				CLANG_WARN_BLOCK_CAPTURE_AUTORELEASING = YES;
				CLANG_WARN_BOOL_CONVERSION = YES;
				CLANG_WARN_COMMA = YES;
				CLANG_WARN_CONSTANT_CONVERSION = YES;
				CLANG_WARN_DEPRECATED_OBJC_IMPLEMENTATIONS = YES;
				CLANG_WARN_DIRECT_OBJC_ISA_USAGE = YES_ERROR;
				CLANG_WARN_DOCUMENTATION_COMMENTS = YES;
				CLANG_WARN_EMPTY_BODY = YES;
				CLANG_WARN_ENUM_CONVERSION = YES;
				CLANG_WARN_INFINITE_RECURSION = YES;
				CLANG_WARN_INT_CONVERSION = YES;
				CLANG_WARN_NON_LITERAL_NULL_CONVERSION = YES;
				CLANG_WARN_OBJC_IMPLICIT_RETAIN_SELF = YES;
				CLANG_WARN_OBJC_LITERAL_CONVERSION = YES;
				CLANG_WARN_OBJC_ROOT_CLASS = YES_ERROR;
				CLANG_WARN_RANGE_LOOP_ANALYSIS = YES;
				CLANG_WARN_STRICT_PROTOTYPES = YES;
				CLANG_WARN_SUSPICIOUS_MOVE = YES;
				CLANG_WARN_UNGUARDED_AVAILABILITY = YES_AGGRESSIVE;
				CLANG_WARN_UNREACHABLE_CODE = YES;
				CLANG_WARN__DUPLICATE_METHOD_MATCH = YES;
				CODE_SIGN_IDENTITY = "iPhone Developer";
				COPY_PHASE_STRIP = NO;
				DEBUG_INFORMATION_FORMAT = "dwarf-with-dsym";
				DEVELOPMENT_TEAM = Lol;
				ENABLE_NS_ASSERTIONS = NO;
				ENABLE_STRICT_OBJC_MSGSEND = YES;
				GCC_C_LANGUAGE_STANDARD = gnu11;
				GCC_NO_COMMON_BLOCKS = YES;
				GCC_WARN_64_TO_32_BIT_CONVERSION = YES;
				GCC_WARN_ABOUT_RETURN_TYPE = YES_ERROR;
				GCC_WARN_UNDECLARED_SELECTOR = YES;
				GCC_WARN_UNINITIALIZED_AUTOS = YES_AGGRESSIVE;
				GCC_WARN_UNUSED_FUNCTION = YES;
				GCC_WARN_UNUSED_VARIABLE = YES;
				IPHONEOS_DEPLOYMENT_TARGET = 11.2;
				MTL_ENABLE_DEBUG_INFO = NO;
				SDKROOT = iphoneos;
				SWIFT_COMPILATION_MODE = wholemodule;
				SWIFT_OPTIMIZATION_LEVEL = "-O";
				VALIDATE_PRODUCT = YES;
			};
			name = Release;
		};
		07C74C9121AB786000CCFA73 /* Debug */ = {
			isa = XCBuildConfiguration;
			buildSettings = {
				ASSETCATALOG_COMPILER_APPICON_NAME = AppIcon;
				CODE_SIGN_STYLE = Automatic;
				INFOPLIST_FILE = Swifty/Info.plist;
				LD_RUNPATH_SEARCH_PATHS = (
					"$(inherited)",
					"@executable_path/Frameworks",
				);
				PRODUCT_BUNDLE_IDENTIFIER = TestProject.Swifty;
				PRODUCT_NAME = "$(TARGET_NAME)";
				SWIFT_VERSION = 4.2;
				TARGETED_DEVICE_FAMILY = "1,2";
			};
			name = Debug;
		};
		07C74C9221AB786000CCFA73 /* Release */ = {
			isa = XCBuildConfiguration;
			buildSettings = {
				ASSETCATALOG_COMPILER_APPICON_NAME = AppIcon;
				CODE_SIGN_STYLE = Automatic;
				INFOPLIST_FILE = Swifty/Info.plist;
				LD_RUNPATH_SEARCH_PATHS = (
					"$(inherited)",
					"@executable_path/Frameworks",
				);
				PRODUCT_BUNDLE_IDENTIFIER = TestProject.Swifty;
				PRODUCT_NAME = "$(TARGET_NAME)";
				SWIFT_VERSION = 4.2;
				TARGETED_DEVICE_FAMILY = "1,2";
			};
			name = Release;
		};
		07C74C9421AB786000CCFA73 /* Debug */ = {
			isa = XCBuildConfiguration;
			buildSettings = {
				ALWAYS_EMBED_SWIFT_STANDARD_LIBRARIES = YES;
				BUNDLE_LOADER = "$(TEST_HOST)";
				CODE_SIGN_STYLE = Automatic;
				INFOPLIST_FILE = SwiftyTests/Info.plist;
				LD_RUNPATH_SEARCH_PATHS = (
					"$(inherited)",
					"@executable_path/Frameworks",
					"@loader_path/Frameworks",
				);
				PRODUCT_BUNDLE_IDENTIFIER = TestProject.SwiftyTests;
				PRODUCT_NAME = "$(TARGET_NAME)";
				SWIFT_VERSION = 4.2;
				TARGETED_DEVICE_FAMILY = "1,2";
				TEST_HOST = "$(BUILT_PRODUCTS_DIR)/Swifty.app/Swifty";
			};
			name = Debug;
		};
		07C74C9521AB786000CCFA73 /* Release */ = {
			isa = XCBuildConfiguration;
			buildSettings = {
				ALWAYS_EMBED_SWIFT_STANDARD_LIBRARIES = YES;
				BUNDLE_LOADER = "$(TEST_HOST)";
				CODE_SIGN_STYLE = Automatic;
				INFOPLIST_FILE = SwiftyTests/Info.plist;
				LD_RUNPATH_SEARCH_PATHS = (
					"$(inherited)",
					"@executable_path/Frameworks",
					"@loader_path/Frameworks",
				);
				PRODUCT_BUNDLE_IDENTIFIER = TestProject.SwiftyTests;
				PRODUCT_NAME = "$(TARGET_NAME)";
				SWIFT_VERSION = 4.2;
				TARGETED_DEVICE_FAMILY = "1,2";
				TEST_HOST = "$(BUILT_PRODUCTS_DIR)/Swifty.app/Swifty";
			};
			name = Release;
		};
		07C74C9721AB786000CCFA73 /* Debug */ = {
			isa = XCBuildConfiguration;
			buildSettings = {
				ALWAYS_EMBED_SWIFT_STANDARD_LIBRARIES = YES;
				CODE_SIGN_STYLE = Automatic;
				INFOPLIST_FILE = SwiftyUITests/Info.plist;
				LD_RUNPATH_SEARCH_PATHS = (
					"$(inherited)",
					"@executable_path/Frameworks",
					"@loader_path/Frameworks",
				);
				PRODUCT_BUNDLE_IDENTIFIER = TestProject.SwiftyUITests;
				PRODUCT_NAME = "$(TARGET_NAME)";
				SWIFT_VERSION = 4.2;
				TARGETED_DEVICE_FAMILY = "1,2";
				TEST_TARGET_NAME = Swifty;
			};
			name = Debug;
		};
		07C74C9821AB786000CCFA73 /* Release */ = {
			isa = XCBuildConfiguration;
			buildSettings = {
				ALWAYS_EMBED_SWIFT_STANDARD_LIBRARIES = YES;
				CODE_SIGN_STYLE = Automatic;
				INFOPLIST_FILE = SwiftyUITests/Info.plist;
				LD_RUNPATH_SEARCH_PATHS = (
					"$(inherited)",
					"@executable_path/Frameworks",
					"@loader_path/Frameworks",
				);
				PRODUCT_BUNDLE_IDENTIFIER = TestProject.SwiftyUITests;
				PRODUCT_NAME = "$(TARGET_NAME)";
				SWIFT_VERSION = 4.2;
				TARGETED_DEVICE_FAMILY = "1,2";
				TEST_TARGET_NAME = Swifty;
			};
			name = Release;
		};
/* End XCBuildConfiguration section */

/* Begin XCConfigurationList section */
		07C74C6321AB786000CCFA73 /* Build configuration list for PBXProject "Swifty" */ = {
			isa = XCConfigurationList;
			buildConfigurations = (
				07C74C8E21AB786000CCFA73 /* Debug */,
				07C74C8F21AB786000CCFA73 /* Release */,
			);
			defaultConfigurationIsVisible = 0;
			defaultConfigurationName = Release;
		};
		07C74C9021AB786000CCFA73 /* Build configuration list for PBXNativeTarget "Swifty" */ = {
			isa = XCConfigurationList;
			buildConfigurations = (
				07C74C9121AB786000CCFA73 /* Debug */,
				07C74C9221AB786000CCFA73 /* Release */,
			);
			defaultConfigurationIsVisible = 0;
			defaultConfigurationName = Release;
		};
		07C74C9321AB786000CCFA73 /* Build configuration list for PBXNativeTarget "SwiftyTests" */ = {
			isa = XCConfigurationList;
			buildConfigurations = (
				07C74C9421AB786000CCFA73 /* Debug */,
				07C74C9521AB786000CCFA73 /* Release */,
			);
			defaultConfigurationIsVisible = 0;
			defaultConfigurationName = Release;
		};
		07C74C9621AB786000CCFA73 /* Build configuration list for PBXNativeTarget "SwiftyUITests" */ = {
			isa = XCConfigurationList;
			buildConfigurations = (
				07C74C9721AB786000CCFA73 /* Debug */,
				07C74C9821AB786000CCFA73 /* Release */,
			);
			defaultConfigurationIsVisible = 0;
			defaultConfigurationName = Release;
		};
/* End XCConfigurationList section */
	};
	rootObject = 07C74C6021AB786000CCFA73 /* Project object */;
}
